
Microsoft Visual Studio Solution File, Format Version 12.00
# Visual Studio 15
VisualStudioVersion = 15.0.27130.2003
MinimumVisualStudioVersion = 10.0.40219.1
Project("{2150E333-8FDC-42A3-9474-1A3956D46DE8}") = "Business", "Business", "{66616A29-10FB-49BC-A9CB-AB243DDD4BCC}"
EndProject
Project("{2150E333-8FDC-42A3-9474-1A3956D46DE8}") = "Data", "Data", "{515EC17A-FB3E-4237-BB32-174DA41F7392}"
EndProject
Project("{2150E333-8FDC-42A3-9474-1A3956D46DE8}") = "Presentation", "Presentation", "{C1E96A78-A613-4FFA-95BC-6F265CFCD316}"
EndProject
Project("{2150E333-8FDC-42A3-9474-1A3956D46DE8}") = "Services", "Services", "{9B1E0F88-14F8-4090-896E-2C2CA75709C6}"
EndProject
Project("{2150E333-8FDC-42A3-9474-1A3956D46DE8}") = "Shared", "Shared", "{2AB2A6B0-F6E1-47B0-AEFA-AB814E8465FF}"
EndProject
Project("{9A19103F-16F7-4668-BE54-9A1E7A4F7556}") = "FiiiChain.Business", "Business\FiiiChain.Business\FiiiChain.Business.csproj", "{DE4E2254-1CF1-4F91-AED7-5EEB85AFEDF1}"
EndProject
Project("{9A19103F-16F7-4668-BE54-9A1E7A4F7556}") = "FiiiChain.MiningPool.Business", "Business\FiiiChain.MiningPool.Business\FiiiChain.MiningPool.Business.csproj", "{62776690-732D-4023-A0E4-555FFB6DA526}"
EndProject
Project("{9A19103F-16F7-4668-BE54-9A1E7A4F7556}") = "FiiiChain.Data", "Data\FiiiChain.Data\FiiiChain.Data.csproj", "{80B9EDFC-4567-4DB7-8757-12DA923A827A}"
EndProject
Project("{9A19103F-16F7-4668-BE54-9A1E7A4F7556}") = "FiiiChain.DataAgent", "Data\FiiiChain.DataAgent\FiiiChain.DataAgent.csproj", "{0079B7BE-FA5B-4866-B343-43A825E5D1B7}"
EndProject
Project("{00D1A9C2-B5F0-4AF3-8072-F6C62B433612}") = "FiiiChain.Database", "Data\FiiiChain.Database\FiiiChain.Database.sqlproj", "{51D343D6-E947-4B1B-BFAC-9C1269F13C7D}"
EndProject
Project("{9A19103F-16F7-4668-BE54-9A1E7A4F7556}") = "FiiiChain.MiningPool.Data", "Data\FiiiChain.MiningPool.Data\FiiiChain.MiningPool.Data.csproj", "{2A36ED86-244D-4A83-B9AD-C3E35E1F4E10}"
EndProject
Project("{00D1A9C2-B5F0-4AF3-8072-F6C62B433612}") = "FiiiChain.MiningPool.Database", "Data\FiiiChain.MiningPool.Database\FiiiChain.MiningPool.Database.sqlproj", "{64AB8406-31DD-4E62-B9ED-45B0D8B0EFC7}"
EndProject
Project("{9A19103F-16F7-4668-BE54-9A1E7A4F7556}") = "FiiiChain.InvestorAward", "Presentation\FiiiChain.InvestorAward\FiiiChain.InvestorAward.csproj", "{F43BA8F5-321B-46EE-8A19-6C293888E92B}"
EndProject
Project("{9A19103F-16F7-4668-BE54-9A1E7A4F7556}") = "FiiiChain.MinerTest", "Presentation\FiiiChain.MinerTest\FiiiChain.MinerTest.csproj", "{040702AA-5E0A-4098-ABFB-093FBCF5D252}"
EndProject
Project("{9A19103F-16F7-4668-BE54-9A1E7A4F7556}") = "FiiiChain.MiningPool", "Presentation\FiiiChain.MiningPool\FiiiChain.MiningPool.csproj", "{EAFF4660-3421-435A-925E-A479E091B87D}"
EndProject
Project("{9A19103F-16F7-4668-BE54-9A1E7A4F7556}") = "FiiiChain.MiningPool.Award", "Presentation\FiiiChain.MiningPool.Award\FiiiChain.MiningPool.Award.csproj", "{F38872F8-5CA5-4B21-A905-D37392BDC549}"
EndProject
Project("{9A19103F-16F7-4668-BE54-9A1E7A4F7556}") = "FiiiChain.Node", "Presentation\FiiiChain.Node\FiiiChain.Node.csproj", "{4062DFF8-F6D1-41A4-A7F8-D5BCF4589671}"
EndProject
Project("{9A19103F-16F7-4668-BE54-9A1E7A4F7556}") = "FiiiChain.Tracker", "Presentation\FiiiChain.Tracker\FiiiChain.Tracker.csproj", "{9BD89640-DC93-4F8C-B4AA-4564B0AA584D}"
EndProject
Project("{9A19103F-16F7-4668-BE54-9A1E7A4F7556}") = "FiiiChain.MiningPool.API", "Services\FiiiChain.MiningPool.API\FiiiChain.MiningPool.API.csproj", "{98281D29-3B8B-4511-8417-31AEDB581F0B}"
EndProject
Project("{9A19103F-16F7-4668-BE54-9A1E7A4F7556}") = "FiiiChain.Wallet.API", "Services\FiiiChain.Wallet.API\FiiiChain.Wallet.API.csproj", "{43A61605-67FB-4E84-A534-977C9C3B22F7}"
EndProject
Project("{9A19103F-16F7-4668-BE54-9A1E7A4F7556}") = "FiiiChain.Consensus", "Shared\FiiiChain.Consensus\FiiiChain.Consensus.csproj", "{4A5BE7B6-DF2C-451C-80F4-C45390B5FFE9}"
EndProject
Project("{9A19103F-16F7-4668-BE54-9A1E7A4F7556}") = "FiiiChain.DTO", "Shared\FiiiChain.DTO\FiiiChain.DTO.csproj", "{974535DC-21BB-4616-A488-D075D621EB53}"
EndProject
Project("{9A19103F-16F7-4668-BE54-9A1E7A4F7556}") = "FiiiChain.Entities", "Shared\FiiiChain.Entities\FiiiChain.Entities.csproj", "{8EF314D0-A755-421B-A4BA-FCD6CAD65658}"
EndProject
Project("{9A19103F-16F7-4668-BE54-9A1E7A4F7556}") = "FiiiChain.Framework", "Shared\FiiiChain.Framework\FiiiChain.Framework.csproj", "{DA606535-D48B-4259-945D-1BFB8D23273E}"
EndProject
Project("{9A19103F-16F7-4668-BE54-9A1E7A4F7556}") = "FiiiChain.Messages", "Shared\FiiiChain.Messages\FiiiChain.Messages.csproj", "{D7EDBE36-D6F6-431C-94CA-491C5414B2F9}"
EndProject
Project("{9A19103F-16F7-4668-BE54-9A1E7A4F7556}") = "FiiiChain.MiningPool.Entities", "Shared\FiiiChain.MiningPool.Entities\FiiiChain.MiningPool.Entities.csproj", "{C0E9CD59-7B90-4310-AAB2-CE52A9DFF26A}"
EndProject
Project("{9A19103F-16F7-4668-BE54-9A1E7A4F7556}") = "FiiiChain.PoolMessages", "Shared\FiiiChain.PoolMessages\FiiiChain.PoolMessages.csproj", "{0080A969-02BF-4D7B-A692-417450383518}"
EndProject
Global
	GlobalSection(SolutionConfigurationPlatforms) = preSolution
		Debug|Any CPU = Debug|Any CPU
		Pro|Any CPU = Pro|Any CPU
		Release|Any CPU = Release|Any CPU
	EndGlobalSection
	GlobalSection(ProjectConfigurationPlatforms) = postSolution
		{DE4E2254-1CF1-4F91-AED7-5EEB85AFEDF1}.Debug|Any CPU.ActiveCfg = Debug|Any CPU
		{DE4E2254-1CF1-4F91-AED7-5EEB85AFEDF1}.Debug|Any CPU.Build.0 = Debug|Any CPU
		{DE4E2254-1CF1-4F91-AED7-5EEB85AFEDF1}.Pro|Any CPU.ActiveCfg = Pro|Any CPU
		{DE4E2254-1CF1-4F91-AED7-5EEB85AFEDF1}.Pro|Any CPU.Build.0 = Pro|Any CPU
		{DE4E2254-1CF1-4F91-AED7-5EEB85AFEDF1}.Release|Any CPU.ActiveCfg = Release|Any CPU
		{DE4E2254-1CF1-4F91-AED7-5EEB85AFEDF1}.Release|Any CPU.Build.0 = Release|Any CPU
		{62776690-732D-4023-A0E4-555FFB6DA526}.Debug|Any CPU.ActiveCfg = Debug|Any CPU
		{62776690-732D-4023-A0E4-555FFB6DA526}.Debug|Any CPU.Build.0 = Debug|Any CPU
		{62776690-732D-4023-A0E4-555FFB6DA526}.Pro|Any CPU.ActiveCfg = Debug|Any CPU
		{62776690-732D-4023-A0E4-555FFB6DA526}.Pro|Any CPU.Build.0 = Debug|Any CPU
		{62776690-732D-4023-A0E4-555FFB6DA526}.Release|Any CPU.ActiveCfg = Release|Any CPU
		{62776690-732D-4023-A0E4-555FFB6DA526}.Release|Any CPU.Build.0 = Release|Any CPU
		{80B9EDFC-4567-4DB7-8757-12DA923A827A}.Debug|Any CPU.ActiveCfg = Debug|Any CPU
		{80B9EDFC-4567-4DB7-8757-12DA923A827A}.Debug|Any CPU.Build.0 = Debug|Any CPU
		{80B9EDFC-4567-4DB7-8757-12DA923A827A}.Pro|Any CPU.ActiveCfg = Pro|Any CPU
		{80B9EDFC-4567-4DB7-8757-12DA923A827A}.Pro|Any CPU.Build.0 = Pro|Any CPU
		{80B9EDFC-4567-4DB7-8757-12DA923A827A}.Release|Any CPU.ActiveCfg = Release|Any CPU
		{80B9EDFC-4567-4DB7-8757-12DA923A827A}.Release|Any CPU.Build.0 = Release|Any CPU
		{0079B7BE-FA5B-4866-B343-43A825E5D1B7}.Debug|Any CPU.ActiveCfg = Debug|Any CPU
		{0079B7BE-FA5B-4866-B343-43A825E5D1B7}.Debug|Any CPU.Build.0 = Debug|Any CPU
		{0079B7BE-FA5B-4866-B343-43A825E5D1B7}.Pro|Any CPU.ActiveCfg = Pro|Any CPU
		{0079B7BE-FA5B-4866-B343-43A825E5D1B7}.Pro|Any CPU.Build.0 = Pro|Any CPU
		{0079B7BE-FA5B-4866-B343-43A825E5D1B7}.Release|Any CPU.ActiveCfg = Release|Any CPU
		{0079B7BE-FA5B-4866-B343-43A825E5D1B7}.Release|Any CPU.Build.0 = Release|Any CPU
		{51D343D6-E947-4B1B-BFAC-9C1269F13C7D}.Debug|Any CPU.ActiveCfg = Debug|Any CPU
		{51D343D6-E947-4B1B-BFAC-9C1269F13C7D}.Debug|Any CPU.Build.0 = Debug|Any CPU
		{51D343D6-E947-4B1B-BFAC-9C1269F13C7D}.Debug|Any CPU.Deploy.0 = Debug|Any CPU
		{51D343D6-E947-4B1B-BFAC-9C1269F13C7D}.Pro|Any CPU.ActiveCfg = Pro|Any CPU
		{51D343D6-E947-4B1B-BFAC-9C1269F13C7D}.Pro|Any CPU.Build.0 = Pro|Any CPU
		{51D343D6-E947-4B1B-BFAC-9C1269F13C7D}.Pro|Any CPU.Deploy.0 = Pro|Any CPU
		{51D343D6-E947-4B1B-BFAC-9C1269F13C7D}.Release|Any CPU.ActiveCfg = Release|Any CPU
		{51D343D6-E947-4B1B-BFAC-9C1269F13C7D}.Release|Any CPU.Build.0 = Release|Any CPU
		{51D343D6-E947-4B1B-BFAC-9C1269F13C7D}.Release|Any CPU.Deploy.0 = Release|Any CPU
		{2A36ED86-244D-4A83-B9AD-C3E35E1F4E10}.Debug|Any CPU.ActiveCfg = Debug|Any CPU
		{2A36ED86-244D-4A83-B9AD-C3E35E1F4E10}.Debug|Any CPU.Build.0 = Debug|Any CPU
		{2A36ED86-244D-4A83-B9AD-C3E35E1F4E10}.Pro|Any CPU.ActiveCfg = Debug|Any CPU
		{2A36ED86-244D-4A83-B9AD-C3E35E1F4E10}.Pro|Any CPU.Build.0 = Debug|Any CPU
		{2A36ED86-244D-4A83-B9AD-C3E35E1F4E10}.Release|Any CPU.ActiveCfg = Release|Any CPU
		{2A36ED86-244D-4A83-B9AD-C3E35E1F4E10}.Release|Any CPU.Build.0 = Release|Any CPU
		{64AB8406-31DD-4E62-B9ED-45B0D8B0EFC7}.Debug|Any CPU.ActiveCfg = Debug|Any CPU
		{64AB8406-31DD-4E62-B9ED-45B0D8B0EFC7}.Debug|Any CPU.Build.0 = Debug|Any CPU
		{64AB8406-31DD-4E62-B9ED-45B0D8B0EFC7}.Debug|Any CPU.Deploy.0 = Debug|Any CPU
		{64AB8406-31DD-4E62-B9ED-45B0D8B0EFC7}.Pro|Any CPU.ActiveCfg = Debug|Any CPU
		{64AB8406-31DD-4E62-B9ED-45B0D8B0EFC7}.Pro|Any CPU.Build.0 = Debug|Any CPU
		{64AB8406-31DD-4E62-B9ED-45B0D8B0EFC7}.Pro|Any CPU.Deploy.0 = Debug|Any CPU
		{64AB8406-31DD-4E62-B9ED-45B0D8B0EFC7}.Release|Any CPU.ActiveCfg = Release|Any CPU
		{64AB8406-31DD-4E62-B9ED-45B0D8B0EFC7}.Release|Any CPU.Build.0 = Release|Any CPU
		{64AB8406-31DD-4E62-B9ED-45B0D8B0EFC7}.Release|Any CPU.Deploy.0 = Release|Any CPU
		{F43BA8F5-321B-46EE-8A19-6C293888E92B}.Debug|Any CPU.ActiveCfg = Debug|Any CPU
		{F43BA8F5-321B-46EE-8A19-6C293888E92B}.Debug|Any CPU.Build.0 = Debug|Any CPU
		{F43BA8F5-321B-46EE-8A19-6C293888E92B}.Pro|Any CPU.ActiveCfg = Debug|Any CPU
		{F43BA8F5-321B-46EE-8A19-6C293888E92B}.Pro|Any CPU.Build.0 = Debug|Any CPU
		{F43BA8F5-321B-46EE-8A19-6C293888E92B}.Release|Any CPU.ActiveCfg = Release|Any CPU
		{F43BA8F5-321B-46EE-8A19-6C293888E92B}.Release|Any CPU.Build.0 = Release|Any CPU
		{040702AA-5E0A-4098-ABFB-093FBCF5D252}.Debug|Any CPU.ActiveCfg = Debug|Any CPU
		{040702AA-5E0A-4098-ABFB-093FBCF5D252}.Debug|Any CPU.Build.0 = Debug|Any CPU
		{040702AA-5E0A-4098-ABFB-093FBCF5D252}.Pro|Any CPU.ActiveCfg = Pro|Any CPU
		{040702AA-5E0A-4098-ABFB-093FBCF5D252}.Pro|Any CPU.Build.0 = Pro|Any CPU
		{040702AA-5E0A-4098-ABFB-093FBCF5D252}.Release|Any CPU.ActiveCfg = Release|Any CPU
		{040702AA-5E0A-4098-ABFB-093FBCF5D252}.Release|Any CPU.Build.0 = Release|Any CPU
		{EAFF4660-3421-435A-925E-A479E091B87D}.Debug|Any CPU.ActiveCfg = Debug|Any CPU
		{EAFF4660-3421-435A-925E-A479E091B87D}.Debug|Any CPU.Build.0 = Debug|Any CPU
		{EAFF4660-3421-435A-925E-A479E091B87D}.Pro|Any CPU.ActiveCfg = Debug|Any CPU
		{EAFF4660-3421-435A-925E-A479E091B87D}.Pro|Any CPU.Build.0 = Debug|Any CPU
		{EAFF4660-3421-435A-925E-A479E091B87D}.Release|Any CPU.ActiveCfg = Release|Any CPU
		{EAFF4660-3421-435A-925E-A479E091B87D}.Release|Any CPU.Build.0 = Release|Any CPU
		{F38872F8-5CA5-4B21-A905-D37392BDC549}.Debug|Any CPU.ActiveCfg = Debug|Any CPU
		{F38872F8-5CA5-4B21-A905-D37392BDC549}.Debug|Any CPU.Build.0 = Debug|Any CPU
		{F38872F8-5CA5-4B21-A905-D37392BDC549}.Pro|Any CPU.ActiveCfg = Debug|Any CPU
		{F38872F8-5CA5-4B21-A905-D37392BDC549}.Pro|Any CPU.Build.0 = Debug|Any CPU
		{F38872F8-5CA5-4B21-A905-D37392BDC549}.Release|Any CPU.ActiveCfg = Release|Any CPU
		{F38872F8-5CA5-4B21-A905-D37392BDC549}.Release|Any CPU.Build.0 = Release|Any CPU
		{4062DFF8-F6D1-41A4-A7F8-D5BCF4589671}.Debug|Any CPU.ActiveCfg = Debug|Any CPU
		{4062DFF8-F6D1-41A4-A7F8-D5BCF4589671}.Debug|Any CPU.Build.0 = Debug|Any CPU
		{4062DFF8-F6D1-41A4-A7F8-D5BCF4589671}.Pro|Any CPU.ActiveCfg = Pro|Any CPU
		{4062DFF8-F6D1-41A4-A7F8-D5BCF4589671}.Pro|Any CPU.Build.0 = Pro|Any CPU
		{4062DFF8-F6D1-41A4-A7F8-D5BCF4589671}.Release|Any CPU.ActiveCfg = Release|Any CPU
		{4062DFF8-F6D1-41A4-A7F8-D5BCF4589671}.Release|Any CPU.Build.0 = Release|Any CPU
		{9BD89640-DC93-4F8C-B4AA-4564B0AA584D}.Debug|Any CPU.ActiveCfg = Debug|Any CPU
		{9BD89640-DC93-4F8C-B4AA-4564B0AA584D}.Debug|Any CPU.Build.0 = Debug|Any CPU
		{9BD89640-DC93-4F8C-B4AA-4564B0AA584D}.Pro|Any CPU.ActiveCfg = Pro|Any CPU
		{9BD89640-DC93-4F8C-B4AA-4564B0AA584D}.Pro|Any CPU.Build.0 = Pro|Any CPU
		{9BD89640-DC93-4F8C-B4AA-4564B0AA584D}.Release|Any CPU.ActiveCfg = Release|Any CPU
		{9BD89640-DC93-4F8C-B4AA-4564B0AA584D}.Release|Any CPU.Build.0 = Release|Any CPU
		{98281D29-3B8B-4511-8417-31AEDB581F0B}.Debug|Any CPU.ActiveCfg = Debug|Any CPU
		{98281D29-3B8B-4511-8417-31AEDB581F0B}.Debug|Any CPU.Build.0 = Debug|Any CPU
		{98281D29-3B8B-4511-8417-31AEDB581F0B}.Pro|Any CPU.ActiveCfg = Debug|Any CPU
		{98281D29-3B8B-4511-8417-31AEDB581F0B}.Pro|Any CPU.Build.0 = Debug|Any CPU
		{98281D29-3B8B-4511-8417-31AEDB581F0B}.Release|Any CPU.ActiveCfg = Release|Any CPU
		{98281D29-3B8B-4511-8417-31AEDB581F0B}.Release|Any CPU.Build.0 = Release|Any CPU
		{43A61605-67FB-4E84-A534-977C9C3B22F7}.Debug|Any CPU.ActiveCfg = Debug|Any CPU
		{43A61605-67FB-4E84-A534-977C9C3B22F7}.Debug|Any CPU.Build.0 = Debug|Any CPU
		{43A61605-67FB-4E84-A534-977C9C3B22F7}.Pro|Any CPU.ActiveCfg = Pro|Any CPU
		{43A61605-67FB-4E84-A534-977C9C3B22F7}.Pro|Any CPU.Build.0 = Pro|Any CPU
		{43A61605-67FB-4E84-A534-977C9C3B22F7}.Release|Any CPU.ActiveCfg = Release|Any CPU
		{43A61605-67FB-4E84-A534-977C9C3B22F7}.Release|Any CPU.Build.0 = Release|Any CPU
		{4A5BE7B6-DF2C-451C-80F4-C45390B5FFE9}.Debug|Any CPU.ActiveCfg = Debug|Any CPU
		{4A5BE7B6-DF2C-451C-80F4-C45390B5FFE9}.Debug|Any CPU.Build.0 = Debug|Any CPU
		{4A5BE7B6-DF2C-451C-80F4-C45390B5FFE9}.Pro|Any CPU.ActiveCfg = Pro|Any CPU
		{4A5BE7B6-DF2C-451C-80F4-C45390B5FFE9}.Pro|Any CPU.Build.0 = Pro|Any CPU
		{4A5BE7B6-DF2C-451C-80F4-C45390B5FFE9}.Release|Any CPU.ActiveCfg = Release|Any CPU
		{4A5BE7B6-DF2C-451C-80F4-C45390B5FFE9}.Release|Any CPU.Build.0 = Release|Any CPU
		{974535DC-21BB-4616-A488-D075D621EB53}.Debug|Any CPU.ActiveCfg = Debug|Any CPU
		{974535DC-21BB-4616-A488-D075D621EB53}.Debug|Any CPU.Build.0 = Debug|Any CPU
		{974535DC-21BB-4616-A488-D075D621EB53}.Pro|Any CPU.ActiveCfg = Pro|Any CPU
		{974535DC-21BB-4616-A488-D075D621EB53}.Pro|Any CPU.Build.0 = Pro|Any CPU
		{974535DC-21BB-4616-A488-D075D621EB53}.Release|Any CPU.ActiveCfg = Release|Any CPU
		{974535DC-21BB-4616-A488-D075D621EB53}.Release|Any CPU.Build.0 = Release|Any CPU
		{8EF314D0-A755-421B-A4BA-FCD6CAD65658}.Debug|Any CPU.ActiveCfg = Debug|Any CPU
		{8EF314D0-A755-421B-A4BA-FCD6CAD65658}.Debug|Any CPU.Build.0 = Debug|Any CPU
		{8EF314D0-A755-421B-A4BA-FCD6CAD65658}.Pro|Any CPU.ActiveCfg = Pro|Any CPU
		{8EF314D0-A755-421B-A4BA-FCD6CAD65658}.Pro|Any CPU.Build.0 = Pro|Any CPU
		{8EF314D0-A755-421B-A4BA-FCD6CAD65658}.Release|Any CPU.ActiveCfg = Release|Any CPU
		{8EF314D0-A755-421B-A4BA-FCD6CAD65658}.Release|Any CPU.Build.0 = Release|Any CPU
		{DA606535-D48B-4259-945D-1BFB8D23273E}.Debug|Any CPU.ActiveCfg = Debug|Any CPU
		{DA606535-D48B-4259-945D-1BFB8D23273E}.Debug|Any CPU.Build.0 = Debug|Any CPU
		{DA606535-D48B-4259-945D-1BFB8D23273E}.Pro|Any CPU.ActiveCfg = Pro|Any CPU
		{DA606535-D48B-4259-945D-1BFB8D23273E}.Pro|Any CPU.Build.0 = Pro|Any CPU
		{DA606535-D48B-4259-945D-1BFB8D23273E}.Release|Any CPU.ActiveCfg = Release|Any CPU
		{DA606535-D48B-4259-945D-1BFB8D23273E}.Release|Any CPU.Build.0 = Release|Any CPU
		{D7EDBE36-D6F6-431C-94CA-491C5414B2F9}.Debug|Any CPU.ActiveCfg = Debug|Any CPU
		{D7EDBE36-D6F6-431C-94CA-491C5414B2F9}.Debug|Any CPU.Build.0 = Debug|Any CPU
		{D7EDBE36-D6F6-431C-94CA-491C5414B2F9}.Pro|Any CPU.ActiveCfg = Pro|Any CPU
		{D7EDBE36-D6F6-431C-94CA-491C5414B2F9}.Pro|Any CPU.Build.0 = Pro|Any CPU
		{D7EDBE36-D6F6-431C-94CA-491C5414B2F9}.Release|Any CPU.ActiveCfg = Release|Any CPU
		{D7EDBE36-D6F6-431C-94CA-491C5414B2F9}.Release|Any CPU.Build.0 = Release|Any CPU
		{C0E9CD59-7B90-4310-AAB2-CE52A9DFF26A}.Debug|Any CPU.ActiveCfg = Debug|Any CPU
		{C0E9CD59-7B90-4310-AAB2-CE52A9DFF26A}.Debug|Any CPU.Build.0 = Debug|Any CPU
		{C0E9CD59-7B90-4310-AAB2-CE52A9DFF26A}.Pro|Any CPU.ActiveCfg = Debug|Any CPU
		{C0E9CD59-7B90-4310-AAB2-CE52A9DFF26A}.Pro|Any CPU.Build.0 = Debug|Any CPU
		{C0E9CD59-7B90-4310-AAB2-CE52A9DFF26A}.Release|Any CPU.ActiveCfg = Release|Any CPU
		{C0E9CD59-7B90-4310-AAB2-CE52A9DFF26A}.Release|Any CPU.Build.0 = Release|Any CPU
		{0080A969-02BF-4D7B-A692-417450383518}.Debug|Any CPU.ActiveCfg = Debug|Any CPU
		{0080A969-02BF-4D7B-A692-417450383518}.Debug|Any CPU.Build.0 = Debug|Any CPU
		{0080A969-02BF-4D7B-A692-417450383518}.Pro|Any CPU.ActiveCfg = Debug|Any CPU
		{0080A969-02BF-4D7B-A692-417450383518}.Pro|Any CPU.Build.0 = Debug|Any CPU
		{0080A969-02BF-4D7B-A692-417450383518}.Release|Any CPU.ActiveCfg = Release|Any CPU
		{0080A969-02BF-4D7B-A692-417450383518}.Release|Any CPU.Build.0 = Release|Any CPU
	EndGlobalSection
	GlobalSection(SolutionProperties) = preSolution
		HideSolutionNode = FALSE
	EndGlobalSection
	GlobalSection(NestedProjects) = preSolution
		{DE4E2254-1CF1-4F91-AED7-5EEB85AFEDF1} = {66616A29-10FB-49BC-A9CB-AB243DDD4BCC}
		{62776690-732D-4023-A0E4-555FFB6DA526} = {66616A29-10FB-49BC-A9CB-AB243DDD4BCC}
		{80B9EDFC-4567-4DB7-8757-12DA923A827A} = {515EC17A-FB3E-4237-BB32-174DA41F7392}
		{0079B7BE-FA5B-4866-B343-43A825E5D1B7} = {515EC17A-FB3E-4237-BB32-174DA41F7392}
		{51D343D6-E947-4B1B-BFAC-9C1269F13C7D} = {515EC17A-FB3E-4237-BB32-174DA41F7392}
		{2A36ED86-244D-4A83-B9AD-C3E35E1F4E10} = {515EC17A-FB3E-4237-BB32-174DA41F7392}
		{64AB8406-31DD-4E62-B9ED-45B0D8B0EFC7} = {515EC17A-FB3E-4237-BB32-174DA41F7392}
		{F43BA8F5-321B-46EE-8A19-6C293888E92B} = {C1E96A78-A613-4FFA-95BC-6F265CFCD316}
		{040702AA-5E0A-4098-ABFB-093FBCF5D252} = {C1E96A78-A613-4FFA-95BC-6F265CFCD316}
		{EAFF4660-3421-435A-925E-A479E091B87D} = {C1E96A78-A613-4FFA-95BC-6F265CFCD316}
		{F38872F8-5CA5-4B21-A905-D37392BDC549} = {C1E96A78-A613-4FFA-95BC-6F265CFCD316}
		{4062DFF8-F6D1-41A4-A7F8-D5BCF4589671} = {C1E96A78-A613-4FFA-95BC-6F265CFCD316}
		{9BD89640-DC93-4F8C-B4AA-4564B0AA584D} = {C1E96A78-A613-4FFA-95BC-6F265CFCD316}
		{98281D29-3B8B-4511-8417-31AEDB581F0B} = {9B1E0F88-14F8-4090-896E-2C2CA75709C6}
		{43A61605-67FB-4E84-A534-977C9C3B22F7} = {9B1E0F88-14F8-4090-896E-2C2CA75709C6}
		{4A5BE7B6-DF2C-451C-80F4-C45390B5FFE9} = {2AB2A6B0-F6E1-47B0-AEFA-AB814E8465FF}
		{974535DC-21BB-4616-A488-D075D621EB53} = {2AB2A6B0-F6E1-47B0-AEFA-AB814E8465FF}
		{8EF314D0-A755-421B-A4BA-FCD6CAD65658} = {2AB2A6B0-F6E1-47B0-AEFA-AB814E8465FF}
		{DA606535-D48B-4259-945D-1BFB8D23273E} = {2AB2A6B0-F6E1-47B0-AEFA-AB814E8465FF}
		{D7EDBE36-D6F6-431C-94CA-491C5414B2F9} = {2AB2A6B0-F6E1-47B0-AEFA-AB814E8465FF}
		{C0E9CD59-7B90-4310-AAB2-CE52A9DFF26A} = {2AB2A6B0-F6E1-47B0-AEFA-AB814E8465FF}
		{0080A969-02BF-4D7B-A692-417450383518} = {2AB2A6B0-F6E1-47B0-AEFA-AB814E8465FF}
	EndGlobalSection
	GlobalSection(ExtensibilityGlobals) = postSolution
		SolutionGuid = {424F780F-A1A1-4DEA-B87F-34577BA77087}
	EndGlobalSection
EndGlobal
